
Microsoft Visual Studio Solution File, Format Version 12.00
# Visual Studio Version 17
VisualStudioVersion = 17.2.32519.379
MinimumVisualStudioVersion = 10.0.40219.1
Project("{FAE04EC0-301F-11D3-BF4B-00C04F79EFBC}") = "Aplicación de Voto Telemático", "Aplicación de Voto Telemático.csproj", "{101699CF-F5C2-412B-A985-6B5C906B6F95}"
EndProject
Global
	GlobalSection(SolutionConfigurationPlatforms) = preSolution
		Debug|Any CPU = Debug|Any CPU
		Release|Any CPU = Release|Any CPU
	EndGlobalSection
	GlobalSection(ProjectConfigurationPlatforms) = postSolution
		{101699CF-F5C2-412B-A985-6B5C906B6F95}.Debug|Any CPU.ActiveCfg = Debug|Any CPU
		{101699CF-F5C2-412B-A985-6B5C906B6F95}.Debug|Any CPU.Build.0 = Debug|Any CPU
		{101699CF-F5C2-412B-A985-6B5C906B6F95}.Release|Any CPU.ActiveCfg = Release|Any CPU
		{101699CF-F5C2-412B-A985-6B5C906B6F95}.Release|Any CPU.Build.0 = Release|Any CPU
	EndGlobalSection
	GlobalSection(SolutionProperties) = preSolution
		HideSolutionNode = FALSE
	EndGlobalSection
	GlobalSection(ExtensibilityGlobals) = postSolution
		SolutionGuid = {8CB70D75-F03F-437F-837C-8C4FF035C896}
	EndGlobalSection
EndGlobal
